
Microsoft Visual Studio Solution File, Format Version 12.00
# Visual Studio Version 17
VisualStudioVersion = 17.14.36408.4
MinimumVisualStudioVersion = 10.0.40219.1
Project("{FAE04EC0-301F-11D3-BF4B-00C04F79EFBC}") = "B# Interpreter", "B# Interpreter\B# Interpreter.csproj", "{40294075-EF5C-4008-B661-9B05BBDA14C9}"
EndProject
Global
	GlobalSection(SolutionConfigurationPlatforms) = preSolution
		Debug|Any CPU = Debug|Any CPU
		Release|Any CPU = Release|Any CPU
	EndGlobalSection
	GlobalSection(ProjectConfigurationPlatforms) = postSolution
		{40294075-EF5C-4008-B661-9B05BBDA14C9}.Debug|Any CPU.ActiveCfg = Debug|Any CPU
		{40294075-EF5C-4008-B661-9B05BBDA14C9}.Debug|Any CPU.Build.0 = Debug|Any CPU
		{40294075-EF5C-4008-B661-9B05BBDA14C9}.Release|Any CPU.ActiveCfg = Release|Any CPU
		{40294075-EF5C-4008-B661-9B05BBDA14C9}.Release|Any CPU.Build.0 = Release|Any CPU
	EndGlobalSection
	GlobalSection(SolutionProperties) = preSolution
		HideSolutionNode = FALSE
	EndGlobalSection
	GlobalSection(ExtensibilityGlobals) = postSolution
		SolutionGuid = {2F2B3BBC-81FB-4A64-93E9-11A17FECFCC5}
	EndGlobalSection
EndGlobal
