
Microsoft Visual Studio Solution File, Format Version 12.00
# Visual Studio Version 18
VisualStudioVersion = 18.3.11505.172 d18.3
MinimumVisualStudioVersion = 10.0.40219.1
Project("{FAE04EC0-301F-11D3-BF4B-00C04F79EFBC}") = "DesoloCompiler", "DesoloCompiler\DesoloCompiler.csproj", "{40294075-EF5C-4008-B661-9B05BBDA14C9}"
EndProject
Project("{FAE04EC0-301F-11D3-BF4B-00C04F79EFBC}") = "DesoloCompiler.Tests", "DesoloCompiler.Tests\DesoloCompiler.Tests.csproj", "{F6BEB69B-17FE-489C-BA30-8E3356041EBF}"
EndProject
Global
	GlobalSection(SolutionConfigurationPlatforms) = preSolution
		Debug|Any CPU = Debug|Any CPU
		Debug|x64 = Debug|x64
		Debug|x86 = Debug|x86
		Release|Any CPU = Release|Any CPU
		Release|x64 = Release|x64
		Release|x86 = Release|x86
	EndGlobalSection
	GlobalSection(ProjectConfigurationPlatforms) = postSolution
		{40294075-EF5C-4008-B661-9B05BBDA14C9}.Debug|Any CPU.ActiveCfg = Debug|Any CPU
		{40294075-EF5C-4008-B661-9B05BBDA14C9}.Debug|Any CPU.Build.0 = Debug|Any CPU
		{40294075-EF5C-4008-B661-9B05BBDA14C9}.Debug|x64.ActiveCfg = Debug|Any CPU
		{40294075-EF5C-4008-B661-9B05BBDA14C9}.Debug|x64.Build.0 = Debug|Any CPU
		{40294075-EF5C-4008-B661-9B05BBDA14C9}.Debug|x86.ActiveCfg = Debug|Any CPU
		{40294075-EF5C-4008-B661-9B05BBDA14C9}.Debug|x86.Build.0 = Debug|Any CPU
		{40294075-EF5C-4008-B661-9B05BBDA14C9}.Release|Any CPU.ActiveCfg = Release|Any CPU
		{40294075-EF5C-4008-B661-9B05BBDA14C9}.Release|Any CPU.Build.0 = Release|Any CPU
		{40294075-EF5C-4008-B661-9B05BBDA14C9}.Release|x64.ActiveCfg = Release|Any CPU
		{40294075-EF5C-4008-B661-9B05BBDA14C9}.Release|x64.Build.0 = Release|Any CPU
		{40294075-EF5C-4008-B661-9B05BBDA14C9}.Release|x86.ActiveCfg = Release|Any CPU
		{40294075-EF5C-4008-B661-9B05BBDA14C9}.Release|x86.Build.0 = Release|Any CPU
		{F6BEB69B-17FE-489C-BA30-8E3356041EBF}.Debug|Any CPU.ActiveCfg = Debug|Any CPU
		{F6BEB69B-17FE-489C-BA30-8E3356041EBF}.Debug|Any CPU.Build.0 = Debug|Any CPU
		{F6BEB69B-17FE-489C-BA30-8E3356041EBF}.Debug|x64.ActiveCfg = Debug|Any CPU
		{F6BEB69B-17FE-489C-BA30-8E3356041EBF}.Debug|x64.Build.0 = Debug|Any CPU
		{F6BEB69B-17FE-489C-BA30-8E3356041EBF}.Debug|x86.ActiveCfg = Debug|Any CPU
		{F6BEB69B-17FE-489C-BA30-8E3356041EBF}.Debug|x86.Build.0 = Debug|Any CPU
		{F6BEB69B-17FE-489C-BA30-8E3356041EBF}.Release|Any CPU.ActiveCfg = Release|Any CPU
		{F6BEB69B-17FE-489C-BA30-8E3356041EBF}.Release|Any CPU.Build.0 = Release|Any CPU
		{F6BEB69B-17FE-489C-BA30-8E3356041EBF}.Release|x64.ActiveCfg = Release|Any CPU
		{F6BEB69B-17FE-489C-BA30-8E3356041EBF}.Release|x64.Build.0 = Release|Any CPU
		{F6BEB69B-17FE-489C-BA30-8E3356041EBF}.Release|x86.ActiveCfg = Release|Any CPU
		{F6BEB69B-17FE-489C-BA30-8E3356041EBF}.Release|x86.Build.0 = Release|Any CPU
	EndGlobalSection
	GlobalSection(SolutionProperties) = preSolution
		HideSolutionNode = FALSE
	EndGlobalSection
	GlobalSection(ExtensibilityGlobals) = postSolution
		SolutionGuid = {2F2B3BBC-81FB-4A64-93E9-11A17FECFCC5}
	EndGlobalSection
EndGlobal
